
Microsoft Visual Studio Solution File, Format Version 12.00
# Visual Studio Version 17
VisualStudioVersion = 17.9.34714.143
MinimumVisualStudioVersion = 10.0.40219.1
Project("{FAE04EC0-301F-11D3-BF4B-00C04F79EFBC}") = "UserManagementTest", "UserManagementTest.csproj", "{55973B44-DC4F-4742-8627-6E470D953091}"
EndProject
Global
	GlobalSection(SolutionConfigurationPlatforms) = preSolution
		Debug|Any CPU = Debug|Any CPU
		Release|Any CPU = Release|Any CPU
	EndGlobalSection
	GlobalSection(ProjectConfigurationPlatforms) = postSolution
		{55973B44-DC4F-4742-8627-6E470D953091}.Debug|Any CPU.ActiveCfg = Debug|Any CPU
		{55973B44-DC4F-4742-8627-6E470D953091}.Debug|Any CPU.Build.0 = Debug|Any CPU
		{55973B44-DC4F-4742-8627-6E470D953091}.Release|Any CPU.ActiveCfg = Release|Any CPU
		{55973B44-DC4F-4742-8627-6E470D953091}.Release|Any CPU.Build.0 = Release|Any CPU
	EndGlobalSection
	GlobalSection(SolutionProperties) = preSolution
		HideSolutionNode = FALSE
	EndGlobalSection
	GlobalSection(ExtensibilityGlobals) = postSolution
		SolutionGuid = {340F78BF-1FD1-4858-A076-AC845905FFDA}
	EndGlobalSection
EndGlobal
